
Microsoft Visual Studio Solution File, Format Version 12.00
# Visual Studio Version 17
VisualStudioVersion = 17.0.31903.59
MinimumVisualStudioVersion = 10.0.40219.1
Project("{FAE04EC0-301F-11D3-BF4B-00C04F79EFBC}") = "egbt22trans", "egbt22trans\egbt22trans.csproj", "{05BB075C-9311-4F24-A5FA-119138EC6281}"
EndProject
Project("{FAE04EC0-301F-11D3-BF4B-00C04F79EFBC}") = "egbt22lib", "egbt22lib\egbt22lib.csproj", "{44F59FC2-3DA0-4659-BDD9-B15E69DEBD10}"
EndProject
Project("{FAE04EC0-301F-11D3-BF4B-00C04F79EFBC}") = "egbt22lib.Tests", "egbt22lib.Tests\egbt22lib.Tests.csproj", "{A11C45A8-9D32-4D50-91C4-380A2CF050B5}"
EndProject
Project("{FAE04EC0-301F-11D3-BF4B-00C04F79EFBC}") = "ConsoleApp1", "ConsoleApp1\ConsoleApp1.csproj", "{319DD005-A5E2-4D26-88BE-D887372E3843}"
EndProject
Project("{FAE04EC0-301F-11D3-BF4B-00C04F79EFBC}") = "nbsOut", "nbsOut\nbsOut.csproj", "{78FE6B08-F85A-4C8B-99C5-B26C01DDE918}"
EndProject
Global
	GlobalSection(SolutionConfigurationPlatforms) = preSolution
		Debug|x64 = Debug|x64
		Release|x64 = Release|x64
	EndGlobalSection
	GlobalSection(ProjectConfigurationPlatforms) = postSolution
		{05BB075C-9311-4F24-A5FA-119138EC6281}.Debug|x64.ActiveCfg = Debug|x64
		{05BB075C-9311-4F24-A5FA-119138EC6281}.Debug|x64.Build.0 = Debug|x64
		{05BB075C-9311-4F24-A5FA-119138EC6281}.Release|x64.ActiveCfg = Release|x64
		{05BB075C-9311-4F24-A5FA-119138EC6281}.Release|x64.Build.0 = Release|x64
		{44F59FC2-3DA0-4659-BDD9-B15E69DEBD10}.Debug|x64.ActiveCfg = Debug|x64
		{44F59FC2-3DA0-4659-BDD9-B15E69DEBD10}.Debug|x64.Build.0 = Debug|x64
		{44F59FC2-3DA0-4659-BDD9-B15E69DEBD10}.Release|x64.ActiveCfg = Release|x64
		{44F59FC2-3DA0-4659-BDD9-B15E69DEBD10}.Release|x64.Build.0 = Release|x64
		{A11C45A8-9D32-4D50-91C4-380A2CF050B5}.Debug|x64.ActiveCfg = Debug|x64
		{A11C45A8-9D32-4D50-91C4-380A2CF050B5}.Debug|x64.Build.0 = Debug|x64
		{A11C45A8-9D32-4D50-91C4-380A2CF050B5}.Release|x64.ActiveCfg = Release|x64
		{A11C45A8-9D32-4D50-91C4-380A2CF050B5}.Release|x64.Build.0 = Release|x64
		{319DD005-A5E2-4D26-88BE-D887372E3843}.Debug|x64.ActiveCfg = Debug|x64
		{319DD005-A5E2-4D26-88BE-D887372E3843}.Debug|x64.Build.0 = Debug|x64
		{319DD005-A5E2-4D26-88BE-D887372E3843}.Release|x64.ActiveCfg = Release|x64
		{319DD005-A5E2-4D26-88BE-D887372E3843}.Release|x64.Build.0 = Release|x64
		{78FE6B08-F85A-4C8B-99C5-B26C01DDE918}.Debug|x64.ActiveCfg = Debug|x64
		{78FE6B08-F85A-4C8B-99C5-B26C01DDE918}.Debug|x64.Build.0 = Debug|x64
		{78FE6B08-F85A-4C8B-99C5-B26C01DDE918}.Release|x64.ActiveCfg = Release|x64
		{78FE6B08-F85A-4C8B-99C5-B26C01DDE918}.Release|x64.Build.0 = Release|x64
	EndGlobalSection
	GlobalSection(SolutionProperties) = preSolution
		HideSolutionNode = FALSE
	EndGlobalSection
EndGlobal
